// !$*UTF8*$!
{
	archiveVersion = 1;
	classes = {
	};
	objectVersion = 46;
	objects = {

/* Begin PBXBuildFile section */
		F51CDF5018B30B4F005722B2 /* SHMEntity.m in Sources */ = {isa = PBXBuildFile; fileRef = F51CDF3D18B30B4F005722B2 /* SHMEntity.m */; };
		F51CDF5118B30B4F005722B2 /* SHMLink.m in Sources */ = {isa = PBXBuildFile; fileRef = F51CDF3E18B30B4F005722B2 /* SHMLink.m */; };
		F51CDF5318B30B4F005722B2 /* SHMAction.m in Sources */ = {isa = PBXBuildFile; fileRef = F51CDF4018B30B4F005722B2 /* SHMAction.m */; };
		F51CDF5418B30B4F005722B2 /* SHMConstants.m in Sources */ = {isa = PBXBuildFile; fileRef = F51CDF4418B30B4F005722B2 /* SHMConstants.m */; };
		F51CDF5518B30B4F005722B2 /* SHMActionDataHelper.m in Sources */ = {isa = PBXBuildFile; fileRef = F51CDF4618B30B4F005722B2 /* SHMActionDataHelper.m */; };
		F51CDF5618B30B4F005722B2 /* SHMUrlHelper.m in Sources */ = {isa = PBXBuildFile; fileRef = F51CDF4818B30B4F005722B2 /* SHMUrlHelper.m */; };
		F51CDF5718B30B4F005722B2 /* SHMActionField.m in Sources */ = {isa = PBXBuildFile; fileRef = F51CDF4A18B30B4F005722B2 /* SHMActionField.m */; };
		F51CDF5818B30B4F005722B2 /* SHMParser.m in Sources */ = {isa = PBXBuildFile; fileRef = F51CDF4E18B30B4F005722B2 /* SHMParser.m */; };
		F51CDF8018B30CDD005722B2 /* SHMActionRequestBuilderTests.m in Sources */ = {isa = PBXBuildFile; fileRef = F51CDF5918B30B77005722B2 /* SHMActionRequestBuilderTests.m */; };
		F51CDF8118B30CDD005722B2 /* SHMActionDataHelperTests.m in Sources */ = {isa = PBXBuildFile; fileRef = F51CDF5A18B30B77005722B2 /* SHMActionDataHelperTests.m */; };
		F51CDF8218B30CDD005722B2 /* SHMURLHelperTests.m in Sources */ = {isa = PBXBuildFile; fileRef = F51CDF5B18B30B77005722B2 /* SHMURLHelperTests.m */; };
		F51CDF8318B30CDD005722B2 /* SHMLinkTests.m in Sources */ = {isa = PBXBuildFile; fileRef = F51CDF5C18B30B77005722B2 /* SHMLinkTests.m */; };
		F51CDF8418B30CDD005722B2 /* SHMEntityTests.m in Sources */ = {isa = PBXBuildFile; fileRef = F51CDF5D18B30B77005722B2 /* SHMEntityTests.m */; };
		F51CDF8518B30CDD005722B2 /* SHMParserTests.m in Sources */ = {isa = PBXBuildFile; fileRef = F51CDF5E18B30B77005722B2 /* SHMParserTests.m */; };
		F552E4AC191FCDA500F70EB3 /* SHMRequestFactory.m in Sources */ = {isa = PBXBuildFile; fileRef = F552E4AB191FCDA500F70EB3 /* SHMRequestFactory.m */; };
		F552E4B0191FD67F00F70EB3 /* SHMEntityFactoryDelegate.h in CopyFiles */ = {isa = PBXBuildFile; fileRef = F5BC35CD191FC76D00A47118 /* SHMEntityFactoryDelegate.h */; };
		F552E4B1191FD68600F70EB3 /* SHMRequestFactoryDelegate.h in CopyFiles */ = {isa = PBXBuildFile; fileRef = F552E4AF191FD34800F70EB3 /* SHMRequestFactoryDelegate.h */; };
		F5796A46191EC9760054E668 /* SHMEntityFactory.h in CopyFiles */ = {isa = PBXBuildFile; fileRef = F59C9E0D190E8F4B00F4EA94 /* SHMEntityFactory.h */; };
		F59C9E0F190E8F4B00F4EA94 /* SHMEntityFactory.m in Sources */ = {isa = PBXBuildFile; fileRef = F59C9E0E190E8F4B00F4EA94 /* SHMEntityFactory.m */; };
		F5BC35CC191FC75B00A47118 /* SHMTestEntityFactoryDelegate.m in Sources */ = {isa = PBXBuildFile; fileRef = F5BC35CB191FC75B00A47118 /* SHMTestEntityFactoryDelegate.m */; };
		F5C2CE4B191E7E51003CC049 /* SHMActionTests.m in Sources */ = {isa = PBXBuildFile; fileRef = F50680B0190E0B5100980DBC /* SHMActionTests.m */; };
		F5D45FAD18B431C100F5749B /* SHMAction.h in CopyFiles */ = {isa = PBXBuildFile; fileRef = F51CDF4218B30B4F005722B2 /* SHMAction.h */; };
		F5D45FAE18B431C100F5749B /* SHMConstants.h in CopyFiles */ = {isa = PBXBuildFile; fileRef = F51CDF4318B30B4F005722B2 /* SHMConstants.h */; };
		F5D45FAF18B431C100F5749B /* SHMActionDataHelper.h in CopyFiles */ = {isa = PBXBuildFile; fileRef = F51CDF4518B30B4F005722B2 /* SHMActionDataHelper.h */; };
		F5D45FB018B431C100F5749B /* SHMUrlHelper.h in CopyFiles */ = {isa = PBXBuildFile; fileRef = F51CDF4718B30B4F005722B2 /* SHMUrlHelper.h */; };
		F5D45FB118B431C100F5749B /* SHMActionField.h in CopyFiles */ = {isa = PBXBuildFile; fileRef = F51CDF4918B30B4F005722B2 /* SHMActionField.h */; };
		F5D45FB218B431C100F5749B /* SHMEntity.h in CopyFiles */ = {isa = PBXBuildFile; fileRef = F51CDF4B18B30B4F005722B2 /* SHMEntity.h */; };
		F5D45FB318B431C100F5749B /* SHMLink.h in CopyFiles */ = {isa = PBXBuildFile; fileRef = F51CDF4C18B30B4F005722B2 /* SHMLink.h */; };
		F5D45FB418B431C100F5749B /* SHMParser.h in CopyFiles */ = {isa = PBXBuildFile; fileRef = F51CDF4D18B30B4F005722B2 /* SHMParser.h */; };
		F5E5C7F9189DE02600602FB0 /* Foundation.framework in Frameworks */ = {isa = PBXBuildFile; fileRef = F5E5C7F8189DE02600602FB0 /* Foundation.framework */; };
		F5E5C807189DE02700602FB0 /* XCTest.framework in Frameworks */ = {isa = PBXBuildFile; fileRef = F5E5C806189DE02700602FB0 /* XCTest.framework */; };
		F5E5C808189DE02700602FB0 /* Foundation.framework in Frameworks */ = {isa = PBXBuildFile; fileRef = F5E5C7F8189DE02600602FB0 /* Foundation.framework */; };
		F5E5C80D189DE02700602FB0 /* libSHMKit.a in Frameworks */ = {isa = PBXBuildFile; fileRef = F5E5C7F5189DE02600602FB0 /* libSHMKit.a */; };
/* End PBXBuildFile section */

/* Begin PBXContainerItemProxy section */
		F5E5C80B189DE02700602FB0 /* PBXContainerItemProxy */ = {
			isa = PBXContainerItemProxy;
			containerPortal = F5E5C7ED189DE02600602FB0 /* Project object */;
			proxyType = 1;
			remoteGlobalIDString = F5E5C7F4189DE02600602FB0;
			remoteInfo = "Siren-Parser";
		};
/* End PBXContainerItemProxy section */

/* Begin PBXCopyFilesBuildPhase section */
		F5E5C7F3189DE02600602FB0 /* CopyFiles */ = {
			isa = PBXCopyFilesBuildPhase;
			buildActionMask = 12;
			dstPath = "include/$(PRODUCT_NAME)";
			dstSubfolderSpec = 16;
			files = (
				F552E4B1191FD68600F70EB3 /* SHMRequestFactoryDelegate.h in CopyFiles */,
				F552E4B0191FD67F00F70EB3 /* SHMEntityFactoryDelegate.h in CopyFiles */,
				F5796A46191EC9760054E668 /* SHMEntityFactory.h in CopyFiles */,
				F5D45FAD18B431C100F5749B /* SHMAction.h in CopyFiles */,
				F5D45FAE18B431C100F5749B /* SHMConstants.h in CopyFiles */,
				F5D45FAF18B431C100F5749B /* SHMActionDataHelper.h in CopyFiles */,
				F5D45FB018B431C100F5749B /* SHMUrlHelper.h in CopyFiles */,
				F5D45FB118B431C100F5749B /* SHMActionField.h in CopyFiles */,
				F5D45FB218B431C100F5749B /* SHMEntity.h in CopyFiles */,
				F5D45FB318B431C100F5749B /* SHMLink.h in CopyFiles */,
				F5D45FB418B431C100F5749B /* SHMParser.h in CopyFiles */,
			);
			runOnlyForDeploymentPostprocessing = 0;
		};
/* End PBXCopyFilesBuildPhase section */

/* Begin PBXFileReference section */
		F50680B0190E0B5100980DBC /* SHMActionTests.m */ = {isa = PBXFileReference; fileEncoding = 4; lastKnownFileType = sourcecode.c.objc; name = SHMActionTests.m; path = SHMKitTests/SHMActionTests.m; sourceTree = SOURCE_ROOT; };
		F51CDF3D18B30B4F005722B2 /* SHMEntity.m */ = {isa = PBXFileReference; fileEncoding = 4; lastKnownFileType = sourcecode.c.objc; name = SHMEntity.m; path = SHMKit/SHMEntity.m; sourceTree = SOURCE_ROOT; };
		F51CDF3E18B30B4F005722B2 /* SHMLink.m */ = {isa = PBXFileReference; fileEncoding = 4; lastKnownFileType = sourcecode.c.objc; name = SHMLink.m; path = SHMKit/SHMLink.m; sourceTree = SOURCE_ROOT; };
		F51CDF4018B30B4F005722B2 /* SHMAction.m */ = {isa = PBXFileReference; fileEncoding = 4; lastKnownFileType = sourcecode.c.objc; name = SHMAction.m; path = SHMKit/SHMAction.m; sourceTree = SOURCE_ROOT; };
		F51CDF4218B30B4F005722B2 /* SHMAction.h */ = {isa = PBXFileReference; fileEncoding = 4; lastKnownFileType = sourcecode.c.h; name = SHMAction.h; path = SHMKit/SHMAction.h; sourceTree = SOURCE_ROOT; };
		F51CDF4318B30B4F005722B2 /* SHMConstants.h */ = {isa = PBXFileReference; fileEncoding = 4; lastKnownFileType = sourcecode.c.h; name = SHMConstants.h; path = SHMKit/SHMConstants.h; sourceTree = SOURCE_ROOT; };
		F51CDF4418B30B4F005722B2 /* SHMConstants.m */ = {isa = PBXFileReference; fileEncoding = 4; lastKnownFileType = sourcecode.c.objc; name = SHMConstants.m; path = SHMKit/SHMConstants.m; sourceTree = SOURCE_ROOT; };
		F51CDF4518B30B4F005722B2 /* SHMActionDataHelper.h */ = {isa = PBXFileReference; fileEncoding = 4; lastKnownFileType = sourcecode.c.h; name = SHMActionDataHelper.h; path = SHMKit/SHMActionDataHelper.h; sourceTree = SOURCE_ROOT; };
		F51CDF4618B30B4F005722B2 /* SHMActionDataHelper.m */ = {isa = PBXFileReference; fileEncoding = 4; lastKnownFileType = sourcecode.c.objc; name = SHMActionDataHelper.m; path = SHMKit/SHMActionDataHelper.m; sourceTree = SOURCE_ROOT; };
		F51CDF4718B30B4F005722B2 /* SHMUrlHelper.h */ = {isa = PBXFileReference; fileEncoding = 4; lastKnownFileType = sourcecode.c.h; name = SHMUrlHelper.h; path = SHMKit/SHMUrlHelper.h; sourceTree = SOURCE_ROOT; };
		F51CDF4818B30B4F005722B2 /* SHMUrlHelper.m */ = {isa = PBXFileReference; fileEncoding = 4; lastKnownFileType = sourcecode.c.objc; name = SHMUrlHelper.m; path = SHMKit/SHMUrlHelper.m; sourceTree = SOURCE_ROOT; };
		F51CDF4918B30B4F005722B2 /* SHMActionField.h */ = {isa = PBXFileReference; fileEncoding = 4; lastKnownFileType = sourcecode.c.h; name = SHMActionField.h; path = SHMKit/SHMActionField.h; sourceTree = SOURCE_ROOT; };
		F51CDF4A18B30B4F005722B2 /* SHMActionField.m */ = {isa = PBXFileReference; fileEncoding = 4; lastKnownFileType = sourcecode.c.objc; name = SHMActionField.m; path = SHMKit/SHMActionField.m; sourceTree = SOURCE_ROOT; };
		F51CDF4B18B30B4F005722B2 /* SHMEntity.h */ = {isa = PBXFileReference; fileEncoding = 4; lastKnownFileType = sourcecode.c.h; name = SHMEntity.h; path = SHMKit/SHMEntity.h; sourceTree = SOURCE_ROOT; };
		F51CDF4C18B30B4F005722B2 /* SHMLink.h */ = {isa = PBXFileReference; fileEncoding = 4; lastKnownFileType = sourcecode.c.h; name = SHMLink.h; path = SHMKit/SHMLink.h; sourceTree = SOURCE_ROOT; };
		F51CDF4D18B30B4F005722B2 /* SHMParser.h */ = {isa = PBXFileReference; fileEncoding = 4; lastKnownFileType = sourcecode.c.h; name = SHMParser.h; path = SHMKit/SHMParser.h; sourceTree = SOURCE_ROOT; };
		F51CDF4E18B30B4F005722B2 /* SHMParser.m */ = {isa = PBXFileReference; fileEncoding = 4; lastKnownFileType = sourcecode.c.objc; name = SHMParser.m; path = SHMKit/SHMParser.m; sourceTree = SOURCE_ROOT; };
		F51CDF4F18B30B4F005722B2 /* SHMKit-Prefix.pch */ = {isa = PBXFileReference; fileEncoding = 4; lastKnownFileType = sourcecode.c.h; name = "SHMKit-Prefix.pch"; path = "SHMKit/SHMKit-Prefix.pch"; sourceTree = SOURCE_ROOT; };
		F51CDF5918B30B77005722B2 /* SHMActionRequestBuilderTests.m */ = {isa = PBXFileReference; fileEncoding = 4; lastKnownFileType = sourcecode.c.objc; name = SHMActionRequestBuilderTests.m; path = SHMKitTests/SHMActionRequestBuilderTests.m; sourceTree = SOURCE_ROOT; };
		F51CDF5A18B30B77005722B2 /* SHMActionDataHelperTests.m */ = {isa = PBXFileReference; fileEncoding = 4; lastKnownFileType = sourcecode.c.objc; name = SHMActionDataHelperTests.m; path = SHMKitTests/SHMActionDataHelperTests.m; sourceTree = SOURCE_ROOT; };
		F51CDF5B18B30B77005722B2 /* SHMURLHelperTests.m */ = {isa = PBXFileReference; fileEncoding = 4; lastKnownFileType = sourcecode.c.objc; name = SHMURLHelperTests.m; path = SHMKitTests/SHMURLHelperTests.m; sourceTree = SOURCE_ROOT; };
		F51CDF5C18B30B77005722B2 /* SHMLinkTests.m */ = {isa = PBXFileReference; fileEncoding = 4; lastKnownFileType = sourcecode.c.objc; name = SHMLinkTests.m; path = SHMKitTests/SHMLinkTests.m; sourceTree = SOURCE_ROOT; };
		F51CDF5D18B30B77005722B2 /* SHMEntityTests.m */ = {isa = PBXFileReference; fileEncoding = 4; lastKnownFileType = sourcecode.c.objc; name = SHMEntityTests.m; path = SHMKitTests/SHMEntityTests.m; sourceTree = SOURCE_ROOT; };
		F51CDF5E18B30B77005722B2 /* SHMParserTests.m */ = {isa = PBXFileReference; fileEncoding = 4; lastKnownFileType = sourcecode.c.objc; name = SHMParserTests.m; path = SHMKitTests/SHMParserTests.m; sourceTree = SOURCE_ROOT; };
		F51CDF6118B30B77005722B2 /* en */ = {isa = PBXFileReference; lastKnownFileType = text.plist.strings; name = en; path = InfoPlist.strings; sourceTree = "<group>"; };
		F51CDF6218B30B77005722B2 /* SHMKitTests-Info.plist */ = {isa = PBXFileReference; fileEncoding = 4; lastKnownFileType = text.plist.xml; name = "SHMKitTests-Info.plist"; path = "SHMKitTests/SHMKitTests-Info.plist"; sourceTree = SOURCE_ROOT; };
		F552E4AA191FCDA500F70EB3 /* SHMRequestFactory.h */ = {isa = PBXFileReference; fileEncoding = 4; lastKnownFileType = sourcecode.c.h; name = SHMRequestFactory.h; path = SHMKit/SHMRequestFactory.h; sourceTree = SOURCE_ROOT; };
		F552E4AB191FCDA500F70EB3 /* SHMRequestFactory.m */ = {isa = PBXFileReference; fileEncoding = 4; lastKnownFileType = sourcecode.c.objc; name = SHMRequestFactory.m; path = SHMKit/SHMRequestFactory.m; sourceTree = SOURCE_ROOT; };
		F552E4AF191FD34800F70EB3 /* SHMRequestFactoryDelegate.h */ = {isa = PBXFileReference; lastKnownFileType = sourcecode.c.h; name = SHMRequestFactoryDelegate.h; path = SHMKit/SHMRequestFactoryDelegate.h; sourceTree = SOURCE_ROOT; };
		F59C9E0D190E8F4B00F4EA94 /* SHMEntityFactory.h */ = {isa = PBXFileReference; fileEncoding = 4; lastKnownFileType = sourcecode.c.h; name = SHMEntityFactory.h; path = SHMKit/SHMEntityFactory.h; sourceTree = SOURCE_ROOT; };
		F59C9E0E190E8F4B00F4EA94 /* SHMEntityFactory.m */ = {isa = PBXFileReference; fileEncoding = 4; lastKnownFileType = sourcecode.c.objc; name = SHMEntityFactory.m; path = SHMKit/SHMEntityFactory.m; sourceTree = SOURCE_ROOT; };
		F5B77CAD197B443500B76827 /* SHMKit.h */ = {isa = PBXFileReference; lastKnownFileType = sourcecode.c.h; path = SHMKit.h; sourceTree = SOURCE_ROOT; };
		F5BC35CA191FC75B00A47118 /* SHMTestEntityFactoryDelegate.h */ = {isa = PBXFileReference; fileEncoding = 4; lastKnownFileType = sourcecode.c.h; name = SHMTestEntityFactoryDelegate.h; path = SHMKitTests/SHMTestEntityFactoryDelegate.h; sourceTree = SOURCE_ROOT; };
		F5BC35CB191FC75B00A47118 /* SHMTestEntityFactoryDelegate.m */ = {isa = PBXFileReference; fileEncoding = 4; lastKnownFileType = sourcecode.c.objc; name = SHMTestEntityFactoryDelegate.m; path = SHMKitTests/SHMTestEntityFactoryDelegate.m; sourceTree = SOURCE_ROOT; };
		F5BC35CD191FC76D00A47118 /* SHMEntityFactoryDelegate.h */ = {isa = PBXFileReference; fileEncoding = 4; lastKnownFileType = sourcecode.c.h; name = SHMEntityFactoryDelegate.h; path = SHMKit/SHMEntityFactoryDelegate.h; sourceTree = SOURCE_ROOT; };
		F5E5C7F5189DE02600602FB0 /* libSHMKit.a */ = {isa = PBXFileReference; explicitFileType = archive.ar; includeInIndex = 0; path = libSHMKit.a; sourceTree = BUILT_PRODUCTS_DIR; };
		F5E5C7F8189DE02600602FB0 /* Foundation.framework */ = {isa = PBXFileReference; lastKnownFileType = wrapper.framework; name = Foundation.framework; path = System/Library/Frameworks/Foundation.framework; sourceTree = SDKROOT; };
		F5E5C805189DE02700602FB0 /* SHMKitTests.xctest */ = {isa = PBXFileReference; explicitFileType = wrapper.cfbundle; includeInIndex = 0; path = SHMKitTests.xctest; sourceTree = BUILT_PRODUCTS_DIR; };
		F5E5C806189DE02700602FB0 /* XCTest.framework */ = {isa = PBXFileReference; lastKnownFileType = wrapper.framework; name = XCTest.framework; path = Library/Frameworks/XCTest.framework; sourceTree = DEVELOPER_DIR; };
/* End PBXFileReference section */

/* Begin PBXFrameworksBuildPhase section */
		F5E5C7F2189DE02600602FB0 /* Frameworks */ = {
			isa = PBXFrameworksBuildPhase;
			buildActionMask = 2147483647;
			files = (
				F5E5C7F9189DE02600602FB0 /* Foundation.framework in Frameworks */,
			);
			runOnlyForDeploymentPostprocessing = 0;
		};
		F5E5C802189DE02700602FB0 /* Frameworks */ = {
			isa = PBXFrameworksBuildPhase;
			buildActionMask = 2147483647;
			files = (
				F5E5C807189DE02700602FB0 /* XCTest.framework in Frameworks */,
				F5E5C80D189DE02700602FB0 /* libSHMKit.a in Frameworks */,
				F5E5C808189DE02700602FB0 /* Foundation.framework in Frameworks */,
			);
			runOnlyForDeploymentPostprocessing = 0;
		};
/* End PBXFrameworksBuildPhase section */

/* Begin PBXGroup section */
		F51CDF5F18B30B77005722B2 /* en.lproj */ = {
			isa = PBXGroup;
			children = (
				F51CDF6018B30B77005722B2 /* InfoPlist.strings */,
			);
			name = en.lproj;
			path = SHMKitTests/en.lproj;
			sourceTree = SOURCE_ROOT;
		};
		F5E5C7EC189DE02600602FB0 = {
			isa = PBXGroup;
			children = (
				F5E5C7FA189DE02600602FB0 /* SHMKit */,
				F5E5C80E189DE02700602FB0 /* SHMKitTests */,
				F5E5C7F7189DE02600602FB0 /* Frameworks */,
				F5E5C7F6189DE02600602FB0 /* Products */,
			);
			sourceTree = "<group>";
		};
		F5E5C7F6189DE02600602FB0 /* Products */ = {
			isa = PBXGroup;
			children = (
				F5E5C7F5189DE02600602FB0 /* libSHMKit.a */,
				F5E5C805189DE02700602FB0 /* SHMKitTests.xctest */,
			);
			name = Products;
			sourceTree = "<group>";
		};
		F5E5C7F7189DE02600602FB0 /* Frameworks */ = {
			isa = PBXGroup;
			children = (
				F5E5C7F8189DE02600602FB0 /* Foundation.framework */,
				F5E5C806189DE02700602FB0 /* XCTest.framework */,
			);
			name = Frameworks;
			sourceTree = "<group>";
		};
		F5E5C7FA189DE02600602FB0 /* SHMKit */ = {
			isa = PBXGroup;
			children = (
				F5BC35CD191FC76D00A47118 /* SHMEntityFactoryDelegate.h */,
				F51CDF3D18B30B4F005722B2 /* SHMEntity.m */,
				F51CDF3E18B30B4F005722B2 /* SHMLink.m */,
				F51CDF4018B30B4F005722B2 /* SHMAction.m */,
				F51CDF4218B30B4F005722B2 /* SHMAction.h */,
				F51CDF4318B30B4F005722B2 /* SHMConstants.h */,
				F51CDF4418B30B4F005722B2 /* SHMConstants.m */,
				F51CDF4518B30B4F005722B2 /* SHMActionDataHelper.h */,
				F51CDF4618B30B4F005722B2 /* SHMActionDataHelper.m */,
				F51CDF4718B30B4F005722B2 /* SHMUrlHelper.h */,
				F51CDF4818B30B4F005722B2 /* SHMUrlHelper.m */,
				F51CDF4918B30B4F005722B2 /* SHMActionField.h */,
				F51CDF4A18B30B4F005722B2 /* SHMActionField.m */,
				F51CDF4B18B30B4F005722B2 /* SHMEntity.h */,
				F51CDF4C18B30B4F005722B2 /* SHMLink.h */,
				F51CDF4D18B30B4F005722B2 /* SHMParser.h */,
				F51CDF4E18B30B4F005722B2 /* SHMParser.m */,
				F5E5C7FB189DE02600602FB0 /* Supporting Files */,
				F59C9E0D190E8F4B00F4EA94 /* SHMEntityFactory.h */,
				F59C9E0E190E8F4B00F4EA94 /* SHMEntityFactory.m */,
				F552E4AA191FCDA500F70EB3 /* SHMRequestFactory.h */,
				F552E4AB191FCDA500F70EB3 /* SHMRequestFactory.m */,
				F552E4AF191FD34800F70EB3 /* SHMRequestFactoryDelegate.h */,
				F5B77CAD197B443500B76827 /* SHMKit.h */,
			);
			name = SHMKit;
			path = "Siren-Parser";
			sourceTree = "<group>";
		};
		F5E5C7FB189DE02600602FB0 /* Supporting Files */ = {
			isa = PBXGroup;
			children = (
				F51CDF4F18B30B4F005722B2 /* SHMKit-Prefix.pch */,
			);
			name = "Supporting Files";
			sourceTree = "<group>";
		};
		F5E5C80E189DE02700602FB0 /* SHMKitTests */ = {
			isa = PBXGroup;
			children = (
				F5BC35CA191FC75B00A47118 /* SHMTestEntityFactoryDelegate.h */,
				F5BC35CB191FC75B00A47118 /* SHMTestEntityFactoryDelegate.m */,
				F50680B0190E0B5100980DBC /* SHMActionTests.m */,
				F51CDF5918B30B77005722B2 /* SHMActionRequestBuilderTests.m */,
				F51CDF5A18B30B77005722B2 /* SHMActionDataHelperTests.m */,
				F51CDF5B18B30B77005722B2 /* SHMURLHelperTests.m */,
				F51CDF5C18B30B77005722B2 /* SHMLinkTests.m */,
				F51CDF5D18B30B77005722B2 /* SHMEntityTests.m */,
				F51CDF5E18B30B77005722B2 /* SHMParserTests.m */,
				F5E5C80F189DE02700602FB0 /* Supporting Files */,
			);
			name = SHMKitTests;
			path = "Siren-ParserTests";
			sourceTree = "<group>";
		};
		F5E5C80F189DE02700602FB0 /* Supporting Files */ = {
			isa = PBXGroup;
			children = (
				F51CDF6218B30B77005722B2 /* SHMKitTests-Info.plist */,
				F51CDF5F18B30B77005722B2 /* en.lproj */,
			);
			name = "Supporting Files";
			sourceTree = "<group>";
		};
/* End PBXGroup section */

/* Begin PBXNativeTarget section */
		F5E5C7F4189DE02600602FB0 /* SHMKit */ = {
			isa = PBXNativeTarget;
			buildConfigurationList = F5E5C818189DE02700602FB0 /* Build configuration list for PBXNativeTarget "SHMKit" */;
			buildPhases = (
				F5E5C7F1189DE02600602FB0 /* Sources */,
				F5E5C7F2189DE02600602FB0 /* Frameworks */,
				F5E5C7F3189DE02600602FB0 /* CopyFiles */,
			);
			buildRules = (
			);
			dependencies = (
			);
			name = SHMKit;
			productName = "Siren-Parser";
			productReference = F5E5C7F5189DE02600602FB0 /* libSHMKit.a */;
			productType = "com.apple.product-type.library.static";
		};
		F5E5C804189DE02700602FB0 /* SHMKitTests */ = {
			isa = PBXNativeTarget;
			buildConfigurationList = F5E5C81B189DE02700602FB0 /* Build configuration list for PBXNativeTarget "SHMKitTests" */;
			buildPhases = (
				F5E5C801189DE02700602FB0 /* Sources */,
				F5E5C802189DE02700602FB0 /* Frameworks */,
				F5E5C803189DE02700602FB0 /* Resources */,
			);
			buildRules = (
			);
			dependencies = (
				F5E5C80C189DE02700602FB0 /* PBXTargetDependency */,
			);
			name = SHMKitTests;
			productName = "Siren-ParserTests";
			productReference = F5E5C805189DE02700602FB0 /* SHMKitTests.xctest */;
			productType = "com.apple.product-type.bundle.unit-test";
		};
/* End PBXNativeTarget section */

/* Begin PBXProject section */
		F5E5C7ED189DE02600602FB0 /* Project object */ = {
			isa = PBXProject;
			attributes = {
				LastUpgradeCheck = 0510;
				ORGANIZATIONNAME = "Matthew Dobson";
			};
			buildConfigurationList = F5E5C7F0189DE02600602FB0 /* Build configuration list for PBXProject "SHMKit" */;
			compatibilityVersion = "Xcode 3.2";
			developmentRegion = English;
			hasScannedForEncodings = 0;
			knownRegions = (
				en,
			);
			mainGroup = F5E5C7EC189DE02600602FB0;
			productRefGroup = F5E5C7F6189DE02600602FB0 /* Products */;
			projectDirPath = "";
			projectRoot = "";
			targets = (
				F5E5C7F4189DE02600602FB0 /* SHMKit */,
				F5E5C804189DE02700602FB0 /* SHMKitTests */,
			);
		};
/* End PBXProject section */

/* Begin PBXResourcesBuildPhase section */
		F5E5C803189DE02700602FB0 /* Resources */ = {
			isa = PBXResourcesBuildPhase;
			buildActionMask = 2147483647;
			files = (
			);
			runOnlyForDeploymentPostprocessing = 0;
		};
/* End PBXResourcesBuildPhase section */

/* Begin PBXSourcesBuildPhase section */
		F5E5C7F1189DE02600602FB0 /* Sources */ = {
			isa = PBXSourcesBuildPhase;
			buildActionMask = 2147483647;
			files = (
				F59C9E0F190E8F4B00F4EA94 /* SHMEntityFactory.m in Sources */,
				F51CDF5318B30B4F005722B2 /* SHMAction.m in Sources */,
				F51CDF5618B30B4F005722B2 /* SHMUrlHelper.m in Sources */,
				F51CDF5018B30B4F005722B2 /* SHMEntity.m in Sources */,
				F51CDF5818B30B4F005722B2 /* SHMParser.m in Sources */,
				F51CDF5518B30B4F005722B2 /* SHMActionDataHelper.m in Sources */,
				F51CDF5418B30B4F005722B2 /* SHMConstants.m in Sources */,
				F5BC35CC191FC75B00A47118 /* SHMTestEntityFactoryDelegate.m in Sources */,
				F51CDF5118B30B4F005722B2 /* SHMLink.m in Sources */,
				F51CDF5718B30B4F005722B2 /* SHMActionField.m in Sources */,
				F552E4AC191FCDA500F70EB3 /* SHMRequestFactory.m in Sources */,
			);
			runOnlyForDeploymentPostprocessing = 0;
		};
		F5E5C801189DE02700602FB0 /* Sources */ = {
			isa = PBXSourcesBuildPhase;
			buildActionMask = 2147483647;
			files = (
				F5C2CE4B191E7E51003CC049 /* SHMActionTests.m in Sources */,
				F51CDF8018B30CDD005722B2 /* SHMActionRequestBuilderTests.m in Sources */,
				F51CDF8118B30CDD005722B2 /* SHMActionDataHelperTests.m in Sources */,
				F51CDF8218B30CDD005722B2 /* SHMURLHelperTests.m in Sources */,
				F51CDF8318B30CDD005722B2 /* SHMLinkTests.m in Sources */,
				F51CDF8418B30CDD005722B2 /* SHMEntityTests.m in Sources */,
				F51CDF8518B30CDD005722B2 /* SHMParserTests.m in Sources */,
			);
			runOnlyForDeploymentPostprocessing = 0;
		};
/* End PBXSourcesBuildPhase section */

/* Begin PBXTargetDependency section */
		F5E5C80C189DE02700602FB0 /* PBXTargetDependency */ = {
			isa = PBXTargetDependency;
			target = F5E5C7F4189DE02600602FB0 /* SHMKit */;
			targetProxy = F5E5C80B189DE02700602FB0 /* PBXContainerItemProxy */;
		};
/* End PBXTargetDependency section */

/* Begin PBXVariantGroup section */
		F51CDF6018B30B77005722B2 /* InfoPlist.strings */ = {
			isa = PBXVariantGroup;
			children = (
				F51CDF6118B30B77005722B2 /* en */,
			);
			name = InfoPlist.strings;
			sourceTree = "<group>";
		};
/* End PBXVariantGroup section */

/* Begin XCBuildConfiguration section */
		F5E5C816189DE02700602FB0 /* Debug */ = {
			isa = XCBuildConfiguration;
			buildSettings = {
				ALWAYS_SEARCH_USER_PATHS = NO;
				CLANG_CXX_LANGUAGE_STANDARD = "gnu++0x";
				CLANG_CXX_LIBRARY = "libc++";
				CLANG_ENABLE_MODULES = YES;
				CLANG_ENABLE_OBJC_ARC = YES;
				CLANG_WARN_BOOL_CONVERSION = YES;
				CLANG_WARN_CONSTANT_CONVERSION = YES;
				CLANG_WARN_DIRECT_OBJC_ISA_USAGE = YES_ERROR;
				CLANG_WARN_EMPTY_BODY = YES;
				CLANG_WARN_ENUM_CONVERSION = YES;
				CLANG_WARN_INT_CONVERSION = YES;
				CLANG_WARN_OBJC_ROOT_CLASS = YES_ERROR;
				CLANG_WARN__DUPLICATE_METHOD_MATCH = YES;
				COPY_PHASE_STRIP = NO;
				GCC_C_LANGUAGE_STANDARD = gnu99;
				GCC_DYNAMIC_NO_PIC = NO;
				GCC_OPTIMIZATION_LEVEL = 0;
				GCC_PREPROCESSOR_DEFINITIONS = (
					"DEBUG=1",
					"$(inherited)",
				);
				GCC_SYMBOLS_PRIVATE_EXTERN = NO;
				GCC_WARN_64_TO_32_BIT_CONVERSION = YES;
				GCC_WARN_ABOUT_RETURN_TYPE = YES_ERROR;
				GCC_WARN_UNDECLARED_SELECTOR = YES;
				GCC_WARN_UNINITIALIZED_AUTOS = YES;
				GCC_WARN_UNUSED_FUNCTION = YES;
				GCC_WARN_UNUSED_VARIABLE = YES;
				IPHONEOS_DEPLOYMENT_TARGET = 7.0;
				ONLY_ACTIVE_ARCH = YES;
				OTHER_LDFLAGS = "-ObjC";
				SDKROOT = iphoneos;
			};
			name = Debug;
		};
		F5E5C817189DE02700602FB0 /* Release */ = {
			isa = XCBuildConfiguration;
			buildSettings = {
				ALWAYS_SEARCH_USER_PATHS = NO;
				CLANG_CXX_LANGUAGE_STANDARD = "gnu++0x";
				CLANG_CXX_LIBRARY = "libc++";
				CLANG_ENABLE_MODULES = YES;
				CLANG_ENABLE_OBJC_ARC = YES;
				CLANG_WARN_BOOL_CONVERSION = YES;
				CLANG_WARN_CONSTANT_CONVERSION = YES;
				CLANG_WARN_DIRECT_OBJC_ISA_USAGE = YES_ERROR;
				CLANG_WARN_EMPTY_BODY = YES;
				CLANG_WARN_ENUM_CONVERSION = YES;
				CLANG_WARN_INT_CONVERSION = YES;
				CLANG_WARN_OBJC_ROOT_CLASS = YES_ERROR;
				CLANG_WARN__DUPLICATE_METHOD_MATCH = YES;
				COPY_PHASE_STRIP = YES;
				ENABLE_NS_ASSERTIONS = NO;
				GCC_C_LANGUAGE_STANDARD = gnu99;
				GCC_WARN_64_TO_32_BIT_CONVERSION = YES;
				GCC_WARN_ABOUT_RETURN_TYPE = YES_ERROR;
				GCC_WARN_UNDECLARED_SELECTOR = YES;
				GCC_WARN_UNINITIALIZED_AUTOS = YES;
				GCC_WARN_UNUSED_FUNCTION = YES;
				GCC_WARN_UNUSED_VARIABLE = YES;
				IPHONEOS_DEPLOYMENT_TARGET = 7.0;
				OTHER_LDFLAGS = "-ObjC";
				SDKROOT = iphoneos;
				VALIDATE_PRODUCT = YES;
			};
			name = Release;
		};
		F5E5C819189DE02700602FB0 /* Debug */ = {
			isa = XCBuildConfiguration;
			buildSettings = {
				DEFINES_MODULE = YES;
				DSTROOT = /tmp/Siren_Parser.dst;
				FRAMEWORK_SEARCH_PATHS = (
					"$(inherited)",
					"$(DEVELOPER_FRAMEWORKS_DIR)",
				);
				GCC_PRECOMPILE_PREFIX_HEADER = YES;
				GCC_PREFIX_HEADER = "SHMKit/SHMKit-Prefix.pch";
				IPHONEOS_DEPLOYMENT_TARGET = 8.0;
				OTHER_LDFLAGS = "-ObjC";
				PRODUCT_NAME = SHMKit;
				SKIP_INSTALL = YES;
			};
			name = Debug;
		};
		F5E5C81A189DE02700602FB0 /* Release */ = {
			isa = XCBuildConfiguration;
			buildSettings = {
				DEFINES_MODULE = YES;
				DSTROOT = /tmp/Siren_Parser.dst;
				FRAMEWORK_SEARCH_PATHS = (
					"$(inherited)",
					"$(DEVELOPER_FRAMEWORKS_DIR)",
				);
				GCC_PRECOMPILE_PREFIX_HEADER = YES;
				GCC_PREFIX_HEADER = "SHMKit/SHMKit-Prefix.pch";
				IPHONEOS_DEPLOYMENT_TARGET = 8.0;
				OTHER_LDFLAGS = "-ObjC";
				PRODUCT_NAME = SHMKit;
				SKIP_INSTALL = YES;
			};
			name = Release;
		};
		F5E5C81C189DE02700602FB0 /* Debug */ = {
			isa = XCBuildConfiguration;
			buildSettings = {
				APPLY_RULES_IN_COPY_FILES = YES;
				FRAMEWORK_SEARCH_PATHS = (
					"$(SDKROOT)/Developer/Library/Frameworks",
					"$(inherited)",
					"$(DEVELOPER_FRAMEWORKS_DIR)",
				);
				GCC_PRECOMPILE_PREFIX_HEADER = YES;
				GCC_PREFIX_HEADER = "SHMKit/SHMKit-Prefix.pch";
				GCC_PREPROCESSOR_DEFINITIONS = (
					"DEBUG=1",
					"$(inherited)",
				);
				INFOPLIST_FILE = "SHMKitTests/SHMKitTests-Info.plist";
				PRODUCT_NAME = SHMKitTests;
				WRAPPER_EXTENSION = xctest;
			};
			name = Debug;
		};
		F5E5C81D189DE02700602FB0 /* Release */ = {
			isa = XCBuildConfiguration;
			buildSettings = {
				APPLY_RULES_IN_COPY_FILES = YES;
				FRAMEWORK_SEARCH_PATHS = (
					"$(SDKROOT)/Developer/Library/Frameworks",
					"$(inherited)",
					"$(DEVELOPER_FRAMEWORKS_DIR)",
				);
				GCC_PRECOMPILE_PREFIX_HEADER = YES;
				GCC_PREFIX_HEADER = "SHMKit/SHMKit-Prefix.pch";
				INFOPLIST_FILE = "SHMKitTests/SHMKitTests-Info.plist";
				PRODUCT_NAME = SHMKitTests;
				WRAPPER_EXTENSION = xctest;
			};
			name = Release;
		};
/* End XCBuildConfiguration section */

/* Begin XCConfigurationList section */
		F5E5C7F0189DE02600602FB0 /* Build configuration list for PBXProject "SHMKit" */ = {
			isa = XCConfigurationList;
			buildConfigurations = (
				F5E5C816189DE02700602FB0 /* Debug */,
				F5E5C817189DE02700602FB0 /* Release */,
			);
			defaultConfigurationIsVisible = 0;
			defaultConfigurationName = Release;
		};
		F5E5C818189DE02700602FB0 /* Build configuration list for PBXNativeTarget "SHMKit" */ = {
			isa = XCConfigurationList;
			buildConfigurations = (
				F5E5C819189DE02700602FB0 /* Debug */,
				F5E5C81A189DE02700602FB0 /* Release */,
			);
			defaultConfigurationIsVisible = 0;
			defaultConfigurationName = Release;
		};
		F5E5C81B189DE02700602FB0 /* Build configuration list for PBXNativeTarget "SHMKitTests" */ = {
			isa = XCConfigurationList;
			buildConfigurations = (
				F5E5C81C189DE02700602FB0 /* Debug */,
				F5E5C81D189DE02700602FB0 /* Release */,
			);
			defaultConfigurationIsVisible = 0;
			defaultConfigurationName = Release;
		};
/* End XCConfigurationList section */
	};
	rootObject = F5E5C7ED189DE02600602FB0 /* Project object */;
}
